
Microsoft Visual Studio Solution File, Format Version 12.00
# Visual Studio Version 16
VisualStudioVersion = 16.0.31729.503
MinimumVisualStudioVersion = 10.0.40219.1
Project("{9A19103F-16F7-4668-BE54-9A1E7A4F7556}") = "AgencyPortaXaf.Module", "AgencyPortaXaf.Module\AgencyPortaXaf.Module.csproj", "{C54E6C1B-A12D-4B71-A108-790C0BF8544C}"
EndProject
Project("{9A19103F-16F7-4668-BE54-9A1E7A4F7556}") = "AgencyPortaXaf.Module.Blazor", "AgencyPortaXaf.Module.Blazor\AgencyPortaXaf.Module.Blazor.csproj", "{4315040C-8F15-4C50-903E-D3FF896231C6}"
EndProject
Project("{9A19103F-16F7-4668-BE54-9A1E7A4F7556}") = "AgencyPortaXaf.Blazor.Server", "AgencyPortaXaf.Blazor.Server\AgencyPortaXaf.Blazor.Server.csproj", "{3870B0B7-E8FF-4B4A-8069-17409F43F31E}"
EndProject
Global
	GlobalSection(SolutionConfigurationPlatforms) = preSolution
		Debug|Any CPU = Debug|Any CPU
		Release|Any CPU = Release|Any CPU
	EndGlobalSection
	GlobalSection(ProjectConfigurationPlatforms) = postSolution
		{C54E6C1B-A12D-4B71-A108-790C0BF8544C}.Debug|Any CPU.ActiveCfg = Debug|Any CPU
		{C54E6C1B-A12D-4B71-A108-790C0BF8544C}.Debug|Any CPU.Build.0 = Debug|Any CPU
		{C54E6C1B-A12D-4B71-A108-790C0BF8544C}.Release|Any CPU.ActiveCfg = Release|Any CPU
		{C54E6C1B-A12D-4B71-A108-790C0BF8544C}.Release|Any CPU.Build.0 = Release|Any CPU
		{4315040C-8F15-4C50-903E-D3FF896231C6}.Debug|Any CPU.ActiveCfg = Debug|Any CPU
		{4315040C-8F15-4C50-903E-D3FF896231C6}.Debug|Any CPU.Build.0 = Debug|Any CPU
		{4315040C-8F15-4C50-903E-D3FF896231C6}.Release|Any CPU.ActiveCfg = Release|Any CPU
		{4315040C-8F15-4C50-903E-D3FF896231C6}.Release|Any CPU.Build.0 = Release|Any CPU
		{3870B0B7-E8FF-4B4A-8069-17409F43F31E}.Debug|Any CPU.ActiveCfg = Debug|Any CPU
		{3870B0B7-E8FF-4B4A-8069-17409F43F31E}.Debug|Any CPU.Build.0 = Debug|Any CPU
		{3870B0B7-E8FF-4B4A-8069-17409F43F31E}.Release|Any CPU.ActiveCfg = Release|Any CPU
		{3870B0B7-E8FF-4B4A-8069-17409F43F31E}.Release|Any CPU.Build.0 = Release|Any CPU
	EndGlobalSection
	GlobalSection(SolutionProperties) = preSolution
		HideSolutionNode = FALSE
	EndGlobalSection
	GlobalSection(ExtensibilityGlobals) = postSolution
		SolutionGuid = {7C2D36C5-B41D-481C-B47F-106767352511}
	EndGlobalSection
EndGlobal
